
Microsoft Visual Studio Solution File, Format Version 12.00
# Visual Studio 15
VisualStudioVersion = 15.0.27130.2020
MinimumVisualStudioVersion = 10.0.40219.1
Project("{9A19103F-16F7-4668-BE54-9A1E7A4F7556}") = "VehichleFactory", "CarsFactory\VehichleFactory.csproj", "{B3EC431C-8B21-4E79-82F4-517A819B65C0}"
EndProject
Project("{9A19103F-16F7-4668-BE54-9A1E7A4F7556}") = "TestingPatterns", "TestingCars\TestingPatterns.csproj", "{4D1FFD12-FA01-4A45-8285-A496BA8D4C0D}"
EndProject
Project("{9A19103F-16F7-4668-BE54-9A1E7A4F7556}") = "TransportStrategy", "TransportStrategy\TransportStrategy.csproj", "{CC425404-D1BE-49CE-A07D-92F9DF84EA8D}"
EndProject
Project("{FAE04EC0-301F-11D3-BF4B-00C04F79EFBC}") = "SuperHeroBuilderProj", "ConsoleApp1\SuperHeroBuilderProj.csproj", "{B195C49B-BF44-4EC6-902E-DF4B4C935875}"
EndProject
Project("{FAE04EC0-301F-11D3-BF4B-00C04F79EFBC}") = "CookieTemplate", "Abstractcookie\CookieTemplate.csproj", "{093EA029-B314-4859-AA41-8A26E4EA0239}"
EndProject
Project("{FAE04EC0-301F-11D3-BF4B-00C04F79EFBC}") = "StatePattern", "StatePattern\StatePattern.csproj", "{FC61AF4B-EDD6-4537-9F80-E8EF59204C9A}"
EndProject
Project("{FAE04EC0-301F-11D3-BF4B-00C04F79EFBC}") = "CommandPattern", "InterpreterPattern\CommandPattern.csproj", "{7F39AB23-3D21-4AF0-A969-659EAA8902ED}"
EndProject
Project("{FAE04EC0-301F-11D3-BF4B-00C04F79EFBC}") = "AdapterPattern", "AdapterPattern\AdapterPattern.csproj", "{A8AF917A-509A-40E2-A44B-1CD292823FDD}"
EndProject
Project("{2150E333-8FDC-42A3-9474-1A3956D46DE8}") = "Tests", "Tests", "{6C1BCC8C-7145-48E1-8CA6-B54ADAC3DB4D}"
EndProject
Project("{FAE04EC0-301F-11D3-BF4B-00C04F79EFBC}") = "MenuIteratorPattern", "MenuIteratorPattern\MenuIteratorPattern.csproj", "{2793CF9F-AC0C-467C-BB03-F5476102F73A}"
EndProject
Global
	GlobalSection(SolutionConfigurationPlatforms) = preSolution
		Debug|Any CPU = Debug|Any CPU
		Release|Any CPU = Release|Any CPU
	EndGlobalSection
	GlobalSection(ProjectConfigurationPlatforms) = postSolution
		{B3EC431C-8B21-4E79-82F4-517A819B65C0}.Debug|Any CPU.ActiveCfg = Debug|Any CPU
		{B3EC431C-8B21-4E79-82F4-517A819B65C0}.Debug|Any CPU.Build.0 = Debug|Any CPU
		{B3EC431C-8B21-4E79-82F4-517A819B65C0}.Release|Any CPU.ActiveCfg = Release|Any CPU
		{B3EC431C-8B21-4E79-82F4-517A819B65C0}.Release|Any CPU.Build.0 = Release|Any CPU
		{4D1FFD12-FA01-4A45-8285-A496BA8D4C0D}.Debug|Any CPU.ActiveCfg = Debug|Any CPU
		{4D1FFD12-FA01-4A45-8285-A496BA8D4C0D}.Debug|Any CPU.Build.0 = Debug|Any CPU
		{4D1FFD12-FA01-4A45-8285-A496BA8D4C0D}.Release|Any CPU.ActiveCfg = Release|Any CPU
		{4D1FFD12-FA01-4A45-8285-A496BA8D4C0D}.Release|Any CPU.Build.0 = Release|Any CPU
		{CC425404-D1BE-49CE-A07D-92F9DF84EA8D}.Debug|Any CPU.ActiveCfg = Debug|Any CPU
		{CC425404-D1BE-49CE-A07D-92F9DF84EA8D}.Debug|Any CPU.Build.0 = Debug|Any CPU
		{CC425404-D1BE-49CE-A07D-92F9DF84EA8D}.Release|Any CPU.ActiveCfg = Release|Any CPU
		{CC425404-D1BE-49CE-A07D-92F9DF84EA8D}.Release|Any CPU.Build.0 = Release|Any CPU
		{B195C49B-BF44-4EC6-902E-DF4B4C935875}.Debug|Any CPU.ActiveCfg = Debug|Any CPU
		{B195C49B-BF44-4EC6-902E-DF4B4C935875}.Debug|Any CPU.Build.0 = Debug|Any CPU
		{B195C49B-BF44-4EC6-902E-DF4B4C935875}.Release|Any CPU.ActiveCfg = Release|Any CPU
		{B195C49B-BF44-4EC6-902E-DF4B4C935875}.Release|Any CPU.Build.0 = Release|Any CPU
		{093EA029-B314-4859-AA41-8A26E4EA0239}.Debug|Any CPU.ActiveCfg = Debug|Any CPU
		{093EA029-B314-4859-AA41-8A26E4EA0239}.Debug|Any CPU.Build.0 = Debug|Any CPU
		{093EA029-B314-4859-AA41-8A26E4EA0239}.Release|Any CPU.ActiveCfg = Release|Any CPU
		{093EA029-B314-4859-AA41-8A26E4EA0239}.Release|Any CPU.Build.0 = Release|Any CPU
		{FC61AF4B-EDD6-4537-9F80-E8EF59204C9A}.Debug|Any CPU.ActiveCfg = Debug|Any CPU
		{FC61AF4B-EDD6-4537-9F80-E8EF59204C9A}.Debug|Any CPU.Build.0 = Debug|Any CPU
		{FC61AF4B-EDD6-4537-9F80-E8EF59204C9A}.Release|Any CPU.ActiveCfg = Release|Any CPU
		{FC61AF4B-EDD6-4537-9F80-E8EF59204C9A}.Release|Any CPU.Build.0 = Release|Any CPU
		{7F39AB23-3D21-4AF0-A969-659EAA8902ED}.Debug|Any CPU.ActiveCfg = Debug|Any CPU
		{7F39AB23-3D21-4AF0-A969-659EAA8902ED}.Debug|Any CPU.Build.0 = Debug|Any CPU
		{7F39AB23-3D21-4AF0-A969-659EAA8902ED}.Release|Any CPU.ActiveCfg = Release|Any CPU
		{7F39AB23-3D21-4AF0-A969-659EAA8902ED}.Release|Any CPU.Build.0 = Release|Any CPU
		{A8AF917A-509A-40E2-A44B-1CD292823FDD}.Debug|Any CPU.ActiveCfg = Debug|Any CPU
		{A8AF917A-509A-40E2-A44B-1CD292823FDD}.Debug|Any CPU.Build.0 = Debug|Any CPU
		{A8AF917A-509A-40E2-A44B-1CD292823FDD}.Release|Any CPU.ActiveCfg = Release|Any CPU
		{A8AF917A-509A-40E2-A44B-1CD292823FDD}.Release|Any CPU.Build.0 = Release|Any CPU
		{2793CF9F-AC0C-467C-BB03-F5476102F73A}.Debug|Any CPU.ActiveCfg = Debug|Any CPU
		{2793CF9F-AC0C-467C-BB03-F5476102F73A}.Debug|Any CPU.Build.0 = Debug|Any CPU
		{2793CF9F-AC0C-467C-BB03-F5476102F73A}.Release|Any CPU.ActiveCfg = Release|Any CPU
		{2793CF9F-AC0C-467C-BB03-F5476102F73A}.Release|Any CPU.Build.0 = Release|Any CPU
	EndGlobalSection
	GlobalSection(SolutionProperties) = preSolution
		HideSolutionNode = FALSE
	EndGlobalSection
	GlobalSection(NestedProjects) = preSolution
		{4D1FFD12-FA01-4A45-8285-A496BA8D4C0D} = {6C1BCC8C-7145-48E1-8CA6-B54ADAC3DB4D}
	EndGlobalSection
	GlobalSection(ExtensibilityGlobals) = postSolution
		SolutionGuid = {B471BD9B-0013-4DA2-8C87-B2E1559F0649}
	EndGlobalSection
EndGlobal
